
Microsoft Visual Studio Solution File, Format Version 12.00
# Visual Studio Version 16
VisualStudioVersion = 16.0.30804.86
MinimumVisualStudioVersion = 10.0.40219.1
Project("{FAE04EC0-301F-11D3-BF4B-00C04F79EFBC}") = "PaymentAPI", "PaymentAPI.csproj", "{FA73B3CF-3B04-4C42-A133-C0A61D1D06CE}"
EndProject
Global
	GlobalSection(SolutionConfigurationPlatforms) = preSolution
		Debug|Any CPU = Debug|Any CPU
		Release|Any CPU = Release|Any CPU
	EndGlobalSection
	GlobalSection(ProjectConfigurationPlatforms) = postSolution
		{FA73B3CF-3B04-4C42-A133-C0A61D1D06CE}.Debug|Any CPU.ActiveCfg = Debug|Any CPU
		{FA73B3CF-3B04-4C42-A133-C0A61D1D06CE}.Debug|Any CPU.Build.0 = Debug|Any CPU
		{FA73B3CF-3B04-4C42-A133-C0A61D1D06CE}.Release|Any CPU.ActiveCfg = Release|Any CPU
		{FA73B3CF-3B04-4C42-A133-C0A61D1D06CE}.Release|Any CPU.Build.0 = Release|Any CPU
	EndGlobalSection
	GlobalSection(SolutionProperties) = preSolution
		HideSolutionNode = FALSE
	EndGlobalSection
	GlobalSection(ExtensibilityGlobals) = postSolution
		SolutionGuid = {3E1E991B-4CA6-4EFD-8BD3-4D69768416CA}
	EndGlobalSection
EndGlobal
